
Microsoft Visual Studio Solution File, Format Version 12.00
# Visual Studio Version 17
VisualStudioVersion = 17.11.35303.130
MinimumVisualStudioVersion = 10.0.40219.1
Project("{FAE04EC0-301F-11D3-BF4B-00C04F79EFBC}") = "NET1720_Ass1_SE173550_VuHoangDuyKhanh", "NET1720_Ass1_SE173550_VuHoangDuyKhanh\NET1720_Ass1_SE173550_VuHoangDuyKhanh.csproj", "{D6A7228A-AB8D-486B-A16F-2798E5457B54}"
EndProject
Global
	GlobalSection(SolutionConfigurationPlatforms) = preSolution
		Debug|Any CPU = Debug|Any CPU
		Release|Any CPU = Release|Any CPU
	EndGlobalSection
	GlobalSection(ProjectConfigurationPlatforms) = postSolution
		{D6A7228A-AB8D-486B-A16F-2798E5457B54}.Debug|Any CPU.ActiveCfg = Debug|Any CPU
		{D6A7228A-AB8D-486B-A16F-2798E5457B54}.Debug|Any CPU.Build.0 = Debug|Any CPU
		{D6A7228A-AB8D-486B-A16F-2798E5457B54}.Release|Any CPU.ActiveCfg = Release|Any CPU
		{D6A7228A-AB8D-486B-A16F-2798E5457B54}.Release|Any CPU.Build.0 = Release|Any CPU
	EndGlobalSection
	GlobalSection(SolutionProperties) = preSolution
		HideSolutionNode = FALSE
	EndGlobalSection
	GlobalSection(ExtensibilityGlobals) = postSolution
		SolutionGuid = {9915D31E-8AE1-45D8-9FBE-D0A6949CC7DF}
	EndGlobalSection
EndGlobal
